
Microsoft Visual Studio Solution File, Format Version 12.00
# Visual Studio Version 17
VisualStudioVersion = 17.3.32922.545
MinimumVisualStudioVersion = 10.0.40219.1
Project("{FAE04EC0-301F-11D3-BF4B-00C04F79EFBC}") = "Parduotuve", "Parduotuve\Parduotuve.csproj", "{19E83AD9-A133-468E-983F-6F62E29C68BF}"
EndProject
Global
	GlobalSection(SolutionConfigurationPlatforms) = preSolution
		Debug|Any CPU = Debug|Any CPU
		Release|Any CPU = Release|Any CPU
	EndGlobalSection
	GlobalSection(ProjectConfigurationPlatforms) = postSolution
		{19E83AD9-A133-468E-983F-6F62E29C68BF}.Debug|Any CPU.ActiveCfg = Debug|Any CPU
		{19E83AD9-A133-468E-983F-6F62E29C68BF}.Debug|Any CPU.Build.0 = Debug|Any CPU
		{19E83AD9-A133-468E-983F-6F62E29C68BF}.Release|Any CPU.ActiveCfg = Release|Any CPU
		{19E83AD9-A133-468E-983F-6F62E29C68BF}.Release|Any CPU.Build.0 = Release|Any CPU
	EndGlobalSection
	GlobalSection(SolutionProperties) = preSolution
		HideSolutionNode = FALSE
	EndGlobalSection
	GlobalSection(ExtensibilityGlobals) = postSolution
		SolutionGuid = {F259B20E-9C62-433F-B1A2-AED15F4C2748}
	EndGlobalSection
EndGlobal
